// !$*UTF8*$!
{
	archiveVersion = 1;
	classes = {
	};
	objectVersion = 51;
	objects = {

/* Begin PBXBuildFile section */
		1BE3850A6ECB14885CA906D8 /* Pods_parstagram.framework in Frameworks */ = {isa = PBXBuildFile; fileRef = ADE6E3568557EF52884943F4 /* Pods_parstagram.framework */; };
		367301DB69A412E34A8C4509 /* Pods_parstagram_parstagramUITests.framework in Frameworks */ = {isa = PBXBuildFile; fileRef = 4C6EE7F9FA0901C4DE5FAD96 /* Pods_parstagram_parstagramUITests.framework */; };
		56141ADE254F67BB0069DB2F /* CommentCell.swift in Sources */ = {isa = PBXBuildFile; fileRef = 56141ADD254F67BB0069DB2F /* CommentCell.swift */; };
		56AF1B452543CA4600C44110 /* AppDelegate.swift in Sources */ = {isa = PBXBuildFile; fileRef = 56AF1B442543CA4600C44110 /* AppDelegate.swift */; };
		56AF1B472543CA4600C44110 /* SceneDelegate.swift in Sources */ = {isa = PBXBuildFile; fileRef = 56AF1B462543CA4600C44110 /* SceneDelegate.swift */; };
		56AF1B4C2543CA4600C44110 /* Main.storyboard in Resources */ = {isa = PBXBuildFile; fileRef = 56AF1B4A2543CA4600C44110 /* Main.storyboard */; };
		56AF1B4E2543CA4F00C44110 /* Assets.xcassets in Resources */ = {isa = PBXBuildFile; fileRef = 56AF1B4D2543CA4F00C44110 /* Assets.xcassets */; };
		56AF1B512543CA4F00C44110 /* LaunchScreen.storyboard in Resources */ = {isa = PBXBuildFile; fileRef = 56AF1B4F2543CA4F00C44110 /* LaunchScreen.storyboard */; };
		56AF1B5C2543CA4F00C44110 /* parstagramTests.swift in Sources */ = {isa = PBXBuildFile; fileRef = 56AF1B5B2543CA4F00C44110 /* parstagramTests.swift */; };
		56AF1B672543CA4F00C44110 /* parstagramUITests.swift in Sources */ = {isa = PBXBuildFile; fileRef = 56AF1B662543CA4F00C44110 /* parstagramUITests.swift */; };
		56FA0ED52543CF4C001457D4 /* LoginViewController.swift in Sources */ = {isa = PBXBuildFile; fileRef = 56FA0ED42543CF4C001457D4 /* LoginViewController.swift */; };
		56FA0EDA2543CF94001457D4 /* FeedViewController.swift in Sources */ = {isa = PBXBuildFile; fileRef = 56FA0ED92543CF94001457D4 /* FeedViewController.swift */; };
		56FA0EE62543D97F001457D4 /* CameraViewController.swift in Sources */ = {isa = PBXBuildFile; fileRef = 56FA0EE52543D97F001457D4 /* CameraViewController.swift */; };
		56FA0F052543F511001457D4 /* PostCell.swift in Sources */ = {isa = PBXBuildFile; fileRef = 56FA0F042543F511001457D4 /* PostCell.swift */; };
		F1F1ACC19A323DC911DFA2A7 /* Pods_parstagramTests.framework in Frameworks */ = {isa = PBXBuildFile; fileRef = A8AE6564FF42D905D0016738 /* Pods_parstagramTests.framework */; };
/* End PBXBuildFile section */

/* Begin PBXContainerItemProxy section */
		56AF1B582543CA4F00C44110 /* PBXContainerItemProxy */ = {
			isa = PBXContainerItemProxy;
			containerPortal = 56AF1B392543CA4600C44110 /* Project object */;
			proxyType = 1;
			remoteGlobalIDString = 56AF1B402543CA4600C44110;
			remoteInfo = parstagram;
		};
		56AF1B632543CA4F00C44110 /* PBXContainerItemProxy */ = {
			isa = PBXContainerItemProxy;
			containerPortal = 56AF1B392543CA4600C44110 /* Project object */;
			proxyType = 1;
			remoteGlobalIDString = 56AF1B402543CA4600C44110;
			remoteInfo = parstagram;
		};
/* End PBXContainerItemProxy section */

/* Begin PBXFileReference section */
		17C5DFB75B40FD4D57679771 /* Pods-parstagramTests.debug.xcconfig */ = {isa = PBXFileReference; includeInIndex = 1; lastKnownFileType = text.xcconfig; name = "Pods-parstagramTests.debug.xcconfig"; path = "Target Support Files/Pods-parstagramTests/Pods-parstagramTests.debug.xcconfig"; sourceTree = "<group>"; };
		309767AC87CBADD8F0EA7B79 /* Pods-parstagramTests.release.xcconfig */ = {isa = PBXFileReference; includeInIndex = 1; lastKnownFileType = text.xcconfig; name = "Pods-parstagramTests.release.xcconfig"; path = "Target Support Files/Pods-parstagramTests/Pods-parstagramTests.release.xcconfig"; sourceTree = "<group>"; };
		4C6EE7F9FA0901C4DE5FAD96 /* Pods_parstagram_parstagramUITests.framework */ = {isa = PBXFileReference; explicitFileType = wrapper.framework; includeInIndex = 0; path = Pods_parstagram_parstagramUITests.framework; sourceTree = BUILT_PRODUCTS_DIR; };
		56141ADD254F67BB0069DB2F /* CommentCell.swift */ = {isa = PBXFileReference; lastKnownFileType = sourcecode.swift; path = CommentCell.swift; sourceTree = "<group>"; };
		56AF1B412543CA4600C44110 /* parstagram.app */ = {isa = PBXFileReference; explicitFileType = wrapper.application; includeInIndex = 0; path = parstagram.app; sourceTree = BUILT_PRODUCTS_DIR; };
		56AF1B442543CA4600C44110 /* AppDelegate.swift */ = {isa = PBXFileReference; lastKnownFileType = sourcecode.swift; path = AppDelegate.swift; sourceTree = "<group>"; };
		56AF1B462543CA4600C44110 /* SceneDelegate.swift */ = {isa = PBXFileReference; lastKnownFileType = sourcecode.swift; path = SceneDelegate.swift; sourceTree = "<group>"; };
		56AF1B4B2543CA4600C44110 /* Base */ = {isa = PBXFileReference; lastKnownFileType = file.storyboard; name = Base; path = Base.lproj/Main.storyboard; sourceTree = "<group>"; };
		56AF1B4D2543CA4F00C44110 /* Assets.xcassets */ = {isa = PBXFileReference; lastKnownFileType = folder.assetcatalog; path = Assets.xcassets; sourceTree = "<group>"; };
		56AF1B502543CA4F00C44110 /* Base */ = {isa = PBXFileReference; lastKnownFileType = file.storyboard; name = Base; path = Base.lproj/LaunchScreen.storyboard; sourceTree = "<group>"; };
		56AF1B522543CA4F00C44110 /* Info.plist */ = {isa = PBXFileReference; lastKnownFileType = text.plist.xml; path = Info.plist; sourceTree = "<group>"; };
		56AF1B572543CA4F00C44110 /* parstagramTests.xctest */ = {isa = PBXFileReference; explicitFileType = wrapper.cfbundle; includeInIndex = 0; path = parstagramTests.xctest; sourceTree = BUILT_PRODUCTS_DIR; };
		56AF1B5B2543CA4F00C44110 /* parstagramTests.swift */ = {isa = PBXFileReference; lastKnownFileType = sourcecode.swift; path = parstagramTests.swift; sourceTree = "<group>"; };
		56AF1B5D2543CA4F00C44110 /* Info.plist */ = {isa = PBXFileReference; lastKnownFileType = text.plist.xml; path = Info.plist; sourceTree = "<group>"; };
		56AF1B622543CA4F00C44110 /* parstagramUITests.xctest */ = {isa = PBXFileReference; explicitFileType = wrapper.cfbundle; includeInIndex = 0; path = parstagramUITests.xctest; sourceTree = BUILT_PRODUCTS_DIR; };
		56AF1B662543CA4F00C44110 /* parstagramUITests.swift */ = {isa = PBXFileReference; lastKnownFileType = sourcecode.swift; path = parstagramUITests.swift; sourceTree = "<group>"; };
		56AF1B682543CA4F00C44110 /* Info.plist */ = {isa = PBXFileReference; lastKnownFileType = text.plist.xml; path = Info.plist; sourceTree = "<group>"; };
		56FA0ED42543CF4C001457D4 /* LoginViewController.swift */ = {isa = PBXFileReference; lastKnownFileType = sourcecode.swift; path = LoginViewController.swift; sourceTree = "<group>"; };
		56FA0ED92543CF94001457D4 /* FeedViewController.swift */ = {isa = PBXFileReference; lastKnownFileType = sourcecode.swift; path = FeedViewController.swift; sourceTree = "<group>"; };
		56FA0EE52543D97F001457D4 /* CameraViewController.swift */ = {isa = PBXFileReference; lastKnownFileType = sourcecode.swift; path = CameraViewController.swift; sourceTree = "<group>"; };
		56FA0F042543F511001457D4 /* PostCell.swift */ = {isa = PBXFileReference; lastKnownFileType = sourcecode.swift; path = PostCell.swift; sourceTree = "<group>"; };
		5B8AD90099A7B915EC0816AD /* Pods-parstagram.debug.xcconfig */ = {isa = PBXFileReference; includeInIndex = 1; lastKnownFileType = text.xcconfig; name = "Pods-parstagram.debug.xcconfig"; path = "Target Support Files/Pods-parstagram/Pods-parstagram.debug.xcconfig"; sourceTree = "<group>"; };
		7E77E6F197A0764740B2C0FC /* Pods-parstagram-parstagramUITests.debug.xcconfig */ = {isa = PBXFileReference; includeInIndex = 1; lastKnownFileType = text.xcconfig; name = "Pods-parstagram-parstagramUITests.debug.xcconfig"; path = "Target Support Files/Pods-parstagram-parstagramUITests/Pods-parstagram-parstagramUITests.debug.xcconfig"; sourceTree = "<group>"; };
		808D8943DF2A315A581E00D3 /* Pods-parstagram.release.xcconfig */ = {isa = PBXFileReference; includeInIndex = 1; lastKnownFileType = text.xcconfig; name = "Pods-parstagram.release.xcconfig"; path = "Target Support Files/Pods-parstagram/Pods-parstagram.release.xcconfig"; sourceTree = "<group>"; };
		A8AE6564FF42D905D0016738 /* Pods_parstagramTests.framework */ = {isa = PBXFileReference; explicitFileType = wrapper.framework; includeInIndex = 0; path = Pods_parstagramTests.framework; sourceTree = BUILT_PRODUCTS_DIR; };
		ADE6E3568557EF52884943F4 /* Pods_parstagram.framework */ = {isa = PBXFileReference; explicitFileType = wrapper.framework; includeInIndex = 0; path = Pods_parstagram.framework; sourceTree = BUILT_PRODUCTS_DIR; };
		FBBDC4C54EBE8112C24E948A /* Pods-parstagram-parstagramUITests.release.xcconfig */ = {isa = PBXFileReference; includeInIndex = 1; lastKnownFileType = text.xcconfig; name = "Pods-parstagram-parstagramUITests.release.xcconfig"; path = "Target Support Files/Pods-parstagram-parstagramUITests/Pods-parstagram-parstagramUITests.release.xcconfig"; sourceTree = "<group>"; };
/* End PBXFileReference section */

/* Begin PBXFrameworksBuildPhase section */
		56AF1B3E2543CA4600C44110 /* Frameworks */ = {
			isa = PBXFrameworksBuildPhase;
			buildActionMask = 2147483647;
			files = (
				1BE3850A6ECB14885CA906D8 /* Pods_parstagram.framework in Frameworks */,
			);
			runOnlyForDeploymentPostprocessing = 0;
		};
		56AF1B542543CA4F00C44110 /* Frameworks */ = {
			isa = PBXFrameworksBuildPhase;
			buildActionMask = 2147483647;
			files = (
				F1F1ACC19A323DC911DFA2A7 /* Pods_parstagramTests.framework in Frameworks */,
			);
			runOnlyForDeploymentPostprocessing = 0;
		};
		56AF1B5F2543CA4F00C44110 /* Frameworks */ = {
			isa = PBXFrameworksBuildPhase;
			buildActionMask = 2147483647;
			files = (
				367301DB69A412E34A8C4509 /* Pods_parstagram_parstagramUITests.framework in Frameworks */,
			);
			runOnlyForDeploymentPostprocessing = 0;
		};
/* End PBXFrameworksBuildPhase section */

/* Begin PBXGroup section */
		179D78EB7FFBA3DEB3562E53 /* Pods */ = {
			isa = PBXGroup;
			children = (
				5B8AD90099A7B915EC0816AD /* Pods-parstagram.debug.xcconfig */,
				808D8943DF2A315A581E00D3 /* Pods-parstagram.release.xcconfig */,
				7E77E6F197A0764740B2C0FC /* Pods-parstagram-parstagramUITests.debug.xcconfig */,
				FBBDC4C54EBE8112C24E948A /* Pods-parstagram-parstagramUITests.release.xcconfig */,
				17C5DFB75B40FD4D57679771 /* Pods-parstagramTests.debug.xcconfig */,
				309767AC87CBADD8F0EA7B79 /* Pods-parstagramTests.release.xcconfig */,
			);
			path = Pods;
			sourceTree = "<group>";
		};
		3367465D87F59332F6847FEB /* Frameworks */ = {
			isa = PBXGroup;
			children = (
				ADE6E3568557EF52884943F4 /* Pods_parstagram.framework */,
				4C6EE7F9FA0901C4DE5FAD96 /* Pods_parstagram_parstagramUITests.framework */,
				A8AE6564FF42D905D0016738 /* Pods_parstagramTests.framework */,
			);
			name = Frameworks;
			sourceTree = "<group>";
		};
		56AF1B382543CA4500C44110 = {
			isa = PBXGroup;
			children = (
				56AF1B432543CA4600C44110 /* parstagram */,
				56AF1B5A2543CA4F00C44110 /* parstagramTests */,
				56AF1B652543CA4F00C44110 /* parstagramUITests */,
				56AF1B422543CA4600C44110 /* Products */,
				179D78EB7FFBA3DEB3562E53 /* Pods */,
				3367465D87F59332F6847FEB /* Frameworks */,
			);
			sourceTree = "<group>";
		};
		56AF1B422543CA4600C44110 /* Products */ = {
			isa = PBXGroup;
			children = (
				56AF1B412543CA4600C44110 /* parstagram.app */,
				56AF1B572543CA4F00C44110 /* parstagramTests.xctest */,
				56AF1B622543CA4F00C44110 /* parstagramUITests.xctest */,
			);
			name = Products;
			sourceTree = "<group>";
		};
		56AF1B432543CA4600C44110 /* parstagram */ = {
			isa = PBXGroup;
			children = (
				56AF1B442543CA4600C44110 /* AppDelegate.swift */,
				56AF1B462543CA4600C44110 /* SceneDelegate.swift */,
				56AF1B4A2543CA4600C44110 /* Main.storyboard */,
				56141ADD254F67BB0069DB2F /* CommentCell.swift */,
				56FA0EE52543D97F001457D4 /* CameraViewController.swift */,
				56FA0ED92543CF94001457D4 /* FeedViewController.swift */,
				56FA0ED42543CF4C001457D4 /* LoginViewController.swift */,
				56AF1B4D2543CA4F00C44110 /* Assets.xcassets */,
				56AF1B4F2543CA4F00C44110 /* LaunchScreen.storyboard */,
				56AF1B522543CA4F00C44110 /* Info.plist */,
				56FA0F042543F511001457D4 /* PostCell.swift */,
			);
			path = parstagram;
			sourceTree = "<group>";
		};
		56AF1B5A2543CA4F00C44110 /* parstagramTests */ = {
			isa = PBXGroup;
			children = (
				56AF1B5B2543CA4F00C44110 /* parstagramTests.swift */,
				56AF1B5D2543CA4F00C44110 /* Info.plist */,
			);
			path = parstagramTests;
			sourceTree = "<group>";
		};
		56AF1B652543CA4F00C44110 /* parstagramUITests */ = {
			isa = PBXGroup;
			children = (
				56AF1B662543CA4F00C44110 /* parstagramUITests.swift */,
				56AF1B682543CA4F00C44110 /* Info.plist */,
			);
			path = parstagramUITests;
			sourceTree = "<group>";
		};
/* End PBXGroup section */

/* Begin PBXNativeTarget section */
		56AF1B402543CA4600C44110 /* parstagram */ = {
			isa = PBXNativeTarget;
			buildConfigurationList = 56AF1B6B2543CA4F00C44110 /* Build configuration list for PBXNativeTarget "parstagram" */;
			buildPhases = (
				6AEB9E4653DE385644FFA1CA /* [CP] Check Pods Manifest.lock */,
				56AF1B3D2543CA4600C44110 /* Sources */,
				56AF1B3E2543CA4600C44110 /* Frameworks */,
				56AF1B3F2543CA4600C44110 /* Resources */,
				35E845DADA1F957C9559FC6F /* [CP] Embed Pods Frameworks */,
			);
			buildRules = (
			);
			dependencies = (
			);
			name = parstagram;
			productName = parstagram;
			productReference = 56AF1B412543CA4600C44110 /* parstagram.app */;
			productType = "com.apple.product-type.application";
		};
		56AF1B562543CA4F00C44110 /* parstagramTests */ = {
			isa = PBXNativeTarget;
			buildConfigurationList = 56AF1B6E2543CA4F00C44110 /* Build configuration list for PBXNativeTarget "parstagramTests" */;
			buildPhases = (
				74FCC2842498790524479705 /* [CP] Check Pods Manifest.lock */,
				56AF1B532543CA4F00C44110 /* Sources */,
				56AF1B542543CA4F00C44110 /* Frameworks */,
				56AF1B552543CA4F00C44110 /* Resources */,
			);
			buildRules = (
			);
			dependencies = (
				56AF1B592543CA4F00C44110 /* PBXTargetDependency */,
			);
			name = parstagramTests;
			productName = parstagramTests;
			productReference = 56AF1B572543CA4F00C44110 /* parstagramTests.xctest */;
			productType = "com.apple.product-type.bundle.unit-test";
		};
		56AF1B612543CA4F00C44110 /* parstagramUITests */ = {
			isa = PBXNativeTarget;
			buildConfigurationList = 56AF1B712543CA4F00C44110 /* Build configuration list for PBXNativeTarget "parstagramUITests" */;
			buildPhases = (
				5F303B79BE8B59CBF2562134 /* [CP] Check Pods Manifest.lock */,
				56AF1B5E2543CA4F00C44110 /* Sources */,
				56AF1B5F2543CA4F00C44110 /* Frameworks */,
				56AF1B602543CA4F00C44110 /* Resources */,
				BA3202DD449191ACE2536221 /* [CP] Embed Pods Frameworks */,
			);
			buildRules = (
			);
			dependencies = (
				56AF1B642543CA4F00C44110 /* PBXTargetDependency */,
			);
			name = parstagramUITests;
			productName = parstagramUITests;
			productReference = 56AF1B622543CA4F00C44110 /* parstagramUITests.xctest */;
			productType = "com.apple.product-type.bundle.ui-testing";
		};
/* End PBXNativeTarget section */

/* Begin PBXProject section */
		56AF1B392543CA4600C44110 /* Project object */ = {
			isa = PBXProject;
			attributes = {
				LastSwiftUpdateCheck = 1210;
				LastUpgradeCheck = 1210;
				TargetAttributes = {
					56AF1B402543CA4600C44110 = {
						CreatedOnToolsVersion = 12.1;
					};
					56AF1B562543CA4F00C44110 = {
						CreatedOnToolsVersion = 12.1;
						TestTargetID = 56AF1B402543CA4600C44110;
					};
					56AF1B612543CA4F00C44110 = {
						CreatedOnToolsVersion = 12.1;
						TestTargetID = 56AF1B402543CA4600C44110;
					};
				};
			};
			buildConfigurationList = 56AF1B3C2543CA4600C44110 /* Build configuration list for PBXProject "parstagram" */;
			compatibilityVersion = "Xcode 9.3";
			developmentRegion = en;
			hasScannedForEncodings = 0;
			knownRegions = (
				en,
				Base,
			);
			mainGroup = 56AF1B382543CA4500C44110;
			productRefGroup = 56AF1B422543CA4600C44110 /* Products */;
			projectDirPath = "";
			projectRoot = "";
			targets = (
				56AF1B402543CA4600C44110 /* parstagram */,
				56AF1B562543CA4F00C44110 /* parstagramTests */,
				56AF1B612543CA4F00C44110 /* parstagramUITests */,
			);
		};
/* End PBXProject section */

/* Begin PBXResourcesBuildPhase section */
		56AF1B3F2543CA4600C44110 /* Resources */ = {
			isa = PBXResourcesBuildPhase;
			buildActionMask = 2147483647;
			files = (
				56AF1B512543CA4F00C44110 /* LaunchScreen.storyboard in Resources */,
				56AF1B4E2543CA4F00C44110 /* Assets.xcassets in Resources */,
				56AF1B4C2543CA4600C44110 /* Main.storyboard in Resources */,
			);
			runOnlyForDeploymentPostprocessing = 0;
		};
		56AF1B552543CA4F00C44110 /* Resources */ = {
			isa = PBXResourcesBuildPhase;
			buildActionMask = 2147483647;
			files = (
			);
			runOnlyForDeploymentPostprocessing = 0;
		};
		56AF1B602543CA4F00C44110 /* Resources */ = {
			isa = PBXResourcesBuildPhase;
			buildActionMask = 2147483647;
			files = (
			);
			runOnlyForDeploymentPostprocessing = 0;
		};
/* End PBXResourcesBuildPhase section */

/* Begin PBXShellScriptBuildPhase section */
		35E845DADA1F957C9559FC6F /* [CP] Embed Pods Frameworks */ = {
			isa = PBXShellScriptBuildPhase;
			buildActionMask = 2147483647;
			files = (
			);
			inputFileListPaths = (
				"${PODS_ROOT}/Target Support Files/Pods-parstagram/Pods-parstagram-frameworks-${CONFIGURATION}-input-files.xcfilelist",
			);
			name = "[CP] Embed Pods Frameworks";
			outputFileListPaths = (
				"${PODS_ROOT}/Target Support Files/Pods-parstagram/Pods-parstagram-frameworks-${CONFIGURATION}-output-files.xcfilelist",
			);
			runOnlyForDeploymentPostprocessing = 0;
			shellPath = /bin/sh;
			shellScript = "\"${PODS_ROOT}/Target Support Files/Pods-parstagram/Pods-parstagram-frameworks.sh\"\n";
			showEnvVarsInLog = 0;
		};
		5F303B79BE8B59CBF2562134 /* [CP] Check Pods Manifest.lock */ = {
			isa = PBXShellScriptBuildPhase;
			buildActionMask = 2147483647;
			files = (
			);
			inputFileListPaths = (
			);
			inputPaths = (
				"${PODS_PODFILE_DIR_PATH}/Podfile.lock",
				"${PODS_ROOT}/Manifest.lock",
			);
			name = "[CP] Check Pods Manifest.lock";
			outputFileListPaths = (
			);
			outputPaths = (
				"$(DERIVED_FILE_DIR)/Pods-parstagram-parstagramUITests-checkManifestLockResult.txt",
			);
			runOnlyForDeploymentPostprocessing = 0;
			shellPath = /bin/sh;
			shellScript = "diff \"${PODS_PODFILE_DIR_PATH}/Podfile.lock\" \"${PODS_ROOT}/Manifest.lock\" > /dev/null\nif [ $? != 0 ] ; then\n    # print error to STDERR\n    echo \"error: The sandbox is not in sync with the Podfile.lock. Run 'pod install' or update your CocoaPods installation.\" >&2\n    exit 1\nfi\n# This output is used by Xcode 'outputs' to avoid re-running this script phase.\necho \"SUCCESS\" > \"${SCRIPT_OUTPUT_FILE_0}\"\n";
			showEnvVarsInLog = 0;
		};
		6AEB9E4653DE385644FFA1CA /* [CP] Check Pods Manifest.lock */ = {
			isa = PBXShellScriptBuildPhase;
			buildActionMask = 2147483647;
			files = (
			);
			inputFileListPaths = (
			);
			inputPaths = (
				"${PODS_PODFILE_DIR_PATH}/Podfile.lock",
				"${PODS_ROOT}/Manifest.lock",
			);
			name = "[CP] Check Pods Manifest.lock";
			outputFileListPaths = (
			);
			outputPaths = (
				"$(DERIVED_FILE_DIR)/Pods-parstagram-checkManifestLockResult.txt",
			);
			runOnlyForDeploymentPostprocessing = 0;
			shellPath = /bin/sh;
			shellScript = "diff \"${PODS_PODFILE_DIR_PATH}/Podfile.lock\" \"${PODS_ROOT}/Manifest.lock\" > /dev/null\nif [ $? != 0 ] ; then\n    # print error to STDERR\n    echo \"error: The sandbox is not in sync with the Podfile.lock. Run 'pod install' or update your CocoaPods installation.\" >&2\n    exit 1\nfi\n# This output is used by Xcode 'outputs' to avoid re-running this script phase.\necho \"SUCCESS\" > \"${SCRIPT_OUTPUT_FILE_0}\"\n";
			showEnvVarsInLog = 0;
		};
		74FCC2842498790524479705 /* [CP] Check Pods Manifest.lock */ = {
			isa = PBXShellScriptBuildPhase;
			buildActionMask = 2147483647;
			files = (
			);
			inputFileListPaths = (
			);
			inputPaths = (
				"${PODS_PODFILE_DIR_PATH}/Podfile.lock",
				"${PODS_ROOT}/Manifest.lock",
			);
			name = "[CP] Check Pods Manifest.lock";
			outputFileListPaths = (
			);
			outputPaths = (
				"$(DERIVED_FILE_DIR)/Pods-parstagramTests-checkManifestLockResult.txt",
			);
			runOnlyForDeploymentPostprocessing = 0;
			shellPath = /bin/sh;
			shellScript = "diff \"${PODS_PODFILE_DIR_PATH}/Podfile.lock\" \"${PODS_ROOT}/Manifest.lock\" > /dev/null\nif [ $? != 0 ] ; then\n    # print error to STDERR\n    echo \"error: The sandbox is not in sync with the Podfile.lock. Run 'pod install' or update your CocoaPods installation.\" >&2\n    exit 1\nfi\n# This output is used by Xcode 'outputs' to avoid re-running this script phase.\necho \"SUCCESS\" > \"${SCRIPT_OUTPUT_FILE_0}\"\n";
			showEnvVarsInLog = 0;
		};
		BA3202DD449191ACE2536221 /* [CP] Embed Pods Frameworks */ = {
			isa = PBXShellScriptBuildPhase;
			buildActionMask = 2147483647;
			files = (
			);
			inputFileListPaths = (
				"${PODS_ROOT}/Target Support Files/Pods-parstagram-parstagramUITests/Pods-parstagram-parstagramUITests-frameworks-${CONFIGURATION}-input-files.xcfilelist",
			);
			name = "[CP] Embed Pods Frameworks";
			outputFileListPaths = (
				"${PODS_ROOT}/Target Support Files/Pods-parstagram-parstagramUITests/Pods-parstagram-parstagramUITests-frameworks-${CONFIGURATION}-output-files.xcfilelist",
			);
			runOnlyForDeploymentPostprocessing = 0;
			shellPath = /bin/sh;
			shellScript = "\"${PODS_ROOT}/Target Support Files/Pods-parstagram-parstagramUITests/Pods-parstagram-parstagramUITests-frameworks.sh\"\n";
			showEnvVarsInLog = 0;
		};
/* End PBXShellScriptBuildPhase section */

/* Begin PBXSourcesBuildPhase section */
		56AF1B3D2543CA4600C44110 /* Sources */ = {
			isa = PBXSourcesBuildPhase;
			buildActionMask = 2147483647;
			files = (
				56FA0ED52543CF4C001457D4 /* LoginViewController.swift in Sources */,
				56FA0EE62543D97F001457D4 /* CameraViewController.swift in Sources */,
				56AF1B452543CA4600C44110 /* AppDelegate.swift in Sources */,
				56FA0EDA2543CF94001457D4 /* FeedViewController.swift in Sources */,
				56AF1B472543CA4600C44110 /* SceneDelegate.swift in Sources */,
				56FA0F052543F511001457D4 /* PostCell.swift in Sources */,
				56141ADE254F67BB0069DB2F /* CommentCell.swift in Sources */,
			);
			runOnlyForDeploymentPostprocessing = 0;
		};
		56AF1B532543CA4F00C44110 /* Sources */ = {
			isa = PBXSourcesBuildPhase;
			buildActionMask = 2147483647;
			files = (
				56AF1B5C2543CA4F00C44110 /* parstagramTests.swift in Sources */,
			);
			runOnlyForDeploymentPostprocessing = 0;
		};
		56AF1B5E2543CA4F00C44110 /* Sources */ = {
			isa = PBXSourcesBuildPhase;
			buildActionMask = 2147483647;
			files = (
				56AF1B672543CA4F00C44110 /* parstagramUITests.swift in Sources */,
			);
			runOnlyForDeploymentPostprocessing = 0;
		};
/* End PBXSourcesBuildPhase section */

/* Begin PBXTargetDependency section */
		56AF1B592543CA4F00C44110 /* PBXTargetDependency */ = {
			isa = PBXTargetDependency;
			target = 56AF1B402543CA4600C44110 /* parstagram */;
			targetProxy = 56AF1B582543CA4F00C44110 /* PBXContainerItemProxy */;
		};
		56AF1B642543CA4F00C44110 /* PBXTargetDependency */ = {
			isa = PBXTargetDependency;
			target = 56AF1B402543CA4600C44110 /* parstagram */;
			targetProxy = 56AF1B632543CA4F00C44110 /* PBXContainerItemProxy */;
		};
/* End PBXTargetDependency section */

/* Begin PBXVariantGroup section */
		56AF1B4A2543CA4600C44110 /* Main.storyboard */ = {
			isa = PBXVariantGroup;
			children = (
				56AF1B4B2543CA4600C44110 /* Base */,
			);
			name = Main.storyboard;
			sourceTree = "<group>";
		};
		56AF1B4F2543CA4F00C44110 /* LaunchScreen.storyboard */ = {
			isa = PBXVariantGroup;
			children = (
				56AF1B502543CA4F00C44110 /* Base */,
			);
			name = LaunchScreen.storyboard;
			sourceTree = "<group>";
		};
/* End PBXVariantGroup section */

/* Begin XCBuildConfiguration section */
		56AF1B692543CA4F00C44110 /* Debug */ = {
			isa = XCBuildConfiguration;
			buildSettings = {
				ALWAYS_SEARCH_USER_PATHS = NO;
				CLANG_ANALYZER_NONNULL = YES;
				CLANG_ANALYZER_NUMBER_OBJECT_CONVERSION = YES_AGGRESSIVE;
				CLANG_CXX_LANGUAGE_STANDARD = "gnu++14";
				CLANG_CXX_LIBRARY = "libc++";
				CLANG_ENABLE_MODULES = YES;
				CLANG_ENABLE_OBJC_ARC = YES;
				CLANG_ENABLE_OBJC_WEAK = YES;
				CLANG_WARN_BLOCK_CAPTURE_AUTORELEASING = YES;
				CLANG_WARN_BOOL_CONVERSION = YES;
				CLANG_WARN_COMMA = YES;
				CLANG_WARN_CONSTANT_CONVERSION = YES;
				CLANG_WARN_DEPRECATED_OBJC_IMPLEMENTATIONS = YES;
				CLANG_WARN_DIRECT_OBJC_ISA_USAGE = YES_ERROR;
				CLANG_WARN_DOCUMENTATION_COMMENTS = YES;
				CLANG_WARN_EMPTY_BODY = YES;
				CLANG_WARN_ENUM_CONVERSION = YES;
				CLANG_WARN_INFINITE_RECURSION = YES;
				CLANG_WARN_INT_CONVERSION = YES;
				CLANG_WARN_NON_LITERAL_NULL_CONVERSION = YES;
				CLANG_WARN_OBJC_IMPLICIT_RETAIN_SELF = YES;
				CLANG_WARN_OBJC_LITERAL_CONVERSION = YES;
				CLANG_WARN_OBJC_ROOT_CLASS = YES_ERROR;
				CLANG_WARN_QUOTED_INCLUDE_IN_FRAMEWORK_HEADER = YES;
				CLANG_WARN_RANGE_LOOP_ANALYSIS = YES;
				CLANG_WARN_STRICT_PROTOTYPES = YES;
				CLANG_WARN_SUSPICIOUS_MOVE = YES;
				CLANG_WARN_UNGUARDED_AVAILABILITY = YES_AGGRESSIVE;
				CLANG_WARN_UNREACHABLE_CODE = YES;
				CLANG_WARN__DUPLICATE_METHOD_MATCH = YES;
				COPY_PHASE_STRIP = NO;
				DEBUG_INFORMATION_FORMAT = dwarf;
				ENABLE_STRICT_OBJC_MSGSEND = YES;
				ENABLE_TESTABILITY = YES;
				GCC_C_LANGUAGE_STANDARD = gnu11;
				GCC_DYNAMIC_NO_PIC = NO;
				GCC_NO_COMMON_BLOCKS = YES;
				GCC_OPTIMIZATION_LEVEL = 0;
				GCC_PREPROCESSOR_DEFINITIONS = (
					"DEBUG=1",
					"$(inherited)",
				);
				GCC_WARN_64_TO_32_BIT_CONVERSION = YES;
				GCC_WARN_ABOUT_RETURN_TYPE = YES_ERROR;
				GCC_WARN_UNDECLARED_SELECTOR = YES;
				GCC_WARN_UNINITIALIZED_AUTOS = YES_AGGRESSIVE;
				GCC_WARN_UNUSED_FUNCTION = YES;
				GCC_WARN_UNUSED_VARIABLE = YES;
				IPHONEOS_DEPLOYMENT_TARGET = 14.1;
				MTL_ENABLE_DEBUG_INFO = INCLUDE_SOURCE;
				MTL_FAST_MATH = YES;
				ONLY_ACTIVE_ARCH = YES;
				SDKROOT = iphoneos;
				SWIFT_ACTIVE_COMPILATION_CONDITIONS = DEBUG;
				SWIFT_OPTIMIZATION_LEVEL = "-Onone";
			};
			name = Debug;
		};
		56AF1B6A2543CA4F00C44110 /* Release */ = {
			isa = XCBuildConfiguration;
			buildSettings = {
				ALWAYS_SEARCH_USER_PATHS = NO;
				CLANG_ANALYZER_NONNULL = YES;
				CLANG_ANALYZER_NUMBER_OBJECT_CONVERSION = YES_AGGRESSIVE;
				CLANG_CXX_LANGUAGE_STANDARD = "gnu++14";
				CLANG_CXX_LIBRARY = "libc++";
				CLANG_ENABLE_MODULES = YES;
				CLANG_ENABLE_OBJC_ARC = YES;
				CLANG_ENABLE_OBJC_WEAK = YES;
				CLANG_WARN_BLOCK_CAPTURE_AUTORELEASING = YES;
				CLANG_WARN_BOOL_CONVERSION = YES;
				CLANG_WARN_COMMA = YES;
				CLANG_WARN_CONSTANT_CONVERSION = YES;
				CLANG_WARN_DEPRECATED_OBJC_IMPLEMENTATIONS = YES;
				CLANG_WARN_DIRECT_OBJC_ISA_USAGE = YES_ERROR;
				CLANG_WARN_DOCUMENTATION_COMMENTS = YES;
				CLANG_WARN_EMPTY_BODY = YES;
				CLANG_WARN_ENUM_CONVERSION = YES;
				CLANG_WARN_INFINITE_RECURSION = YES;
				CLANG_WARN_INT_CONVERSION = YES;
				CLANG_WARN_NON_LITERAL_NULL_CONVERSION = YES;
				CLANG_WARN_OBJC_IMPLICIT_RETAIN_SELF = YES;
				CLANG_WARN_OBJC_LITERAL_CONVERSION = YES;
				CLANG_WARN_OBJC_ROOT_CLASS = YES_ERROR;
				CLANG_WARN_QUOTED_INCLUDE_IN_FRAMEWORK_HEADER = YES;
				CLANG_WARN_RANGE_LOOP_ANALYSIS = YES;
				CLANG_WARN_STRICT_PROTOTYPES = YES;
				CLANG_WARN_SUSPICIOUS_MOVE = YES;
				CLANG_WARN_UNGUARDED_AVAILABILITY = YES_AGGRESSIVE;
				CLANG_WARN_UNREACHABLE_CODE = YES;
				CLANG_WARN__DUPLICATE_METHOD_MATCH = YES;
				COPY_PHASE_STRIP = NO;
				DEBUG_INFORMATION_FORMAT = "dwarf-with-dsym";
				ENABLE_NS_ASSERTIONS = NO;
				ENABLE_STRICT_OBJC_MSGSEND = YES;
				GCC_C_LANGUAGE_STANDARD = gnu11;
				GCC_NO_COMMON_BLOCKS = YES;
				GCC_WARN_64_TO_32_BIT_CONVERSION = YES;
				GCC_WARN_ABOUT_RETURN_TYPE = YES_ERROR;
				GCC_WARN_UNDECLARED_SELECTOR = YES;
				GCC_WARN_UNINITIALIZED_AUTOS = YES_AGGRESSIVE;
				GCC_WARN_UNUSED_FUNCTION = YES;
				GCC_WARN_UNUSED_VARIABLE = YES;
				IPHONEOS_DEPLOYMENT_TARGET = 14.1;
				MTL_ENABLE_DEBUG_INFO = NO;
				MTL_FAST_MATH = YES;
				SDKROOT = iphoneos;
				SWIFT_COMPILATION_MODE = wholemodule;
				SWIFT_OPTIMIZATION_LEVEL = "-O";
				VALIDATE_PRODUCT = YES;
			};
			name = Release;
		};
		56AF1B6C2543CA4F00C44110 /* Debug */ = {
			isa = XCBuildConfiguration;
			baseConfigurationReference = 5B8AD90099A7B915EC0816AD /* Pods-parstagram.debug.xcconfig */;
			buildSettings = {
				ASSETCATALOG_COMPILER_APPICON_NAME = AppIcon;
				ASSETCATALOG_COMPILER_GLOBAL_ACCENT_COLOR_NAME = AccentColor;
				CODE_SIGN_STYLE = Automatic;
				INFOPLIST_FILE = parstagram/Info.plist;
				LD_RUNPATH_SEARCH_PATHS = (
					"$(inherited)",
					"@executable_path/Frameworks",
				);
				PRODUCT_BUNDLE_IDENTIFIER = "sarieses-gmail.com.parstagram";
				PRODUCT_NAME = "$(TARGET_NAME)";
				SWIFT_VERSION = 5.0;
				TARGETED_DEVICE_FAMILY = "1,2";
			};
			name = Debug;
		};
		56AF1B6D2543CA4F00C44110 /* Release */ = {
			isa = XCBuildConfiguration;
			baseConfigurationReference = 808D8943DF2A315A581E00D3 /* Pods-parstagram.release.xcconfig */;
			buildSettings = {
				ASSETCATALOG_COMPILER_APPICON_NAME = AppIcon;
				ASSETCATALOG_COMPILER_GLOBAL_ACCENT_COLOR_NAME = AccentColor;
				CODE_SIGN_STYLE = Automatic;
				INFOPLIST_FILE = parstagram/Info.plist;
				LD_RUNPATH_SEARCH_PATHS = (
					"$(inherited)",
					"@executable_path/Frameworks",
				);
				PRODUCT_BUNDLE_IDENTIFIER = "sarieses-gmail.com.parstagram";
				PRODUCT_NAME = "$(TARGET_NAME)";
				SWIFT_VERSION = 5.0;
				TARGETED_DEVICE_FAMILY = "1,2";
			};
			name = Release;
		};
		56AF1B6F2543CA4F00C44110 /* Debug */ = {
			isa = XCBuildConfiguration;
			baseConfigurationReference = 17C5DFB75B40FD4D57679771 /* Pods-parstagramTests.debug.xcconfig */;
			buildSettings = {
				ALWAYS_EMBED_SWIFT_STANDARD_LIBRARIES = YES;
				BUNDLE_LOADER = "$(TEST_HOST)";
				CODE_SIGN_STYLE = Automatic;
				INFOPLIST_FILE = parstagramTests/Info.plist;
				IPHONEOS_DEPLOYMENT_TARGET = 14.1;
				LD_RUNPATH_SEARCH_PATHS = (
					"$(inherited)",
					"@executable_path/Frameworks",
					"@loader_path/Frameworks",
				);
				PRODUCT_BUNDLE_IDENTIFIER = "sarieses-gmail.com.parstagramTests";
				PRODUCT_NAME = "$(TARGET_NAME)";
				SWIFT_VERSION = 5.0;
				TARGETED_DEVICE_FAMILY = "1,2";
				TEST_HOST = "$(BUILT_PRODUCTS_DIR)/parstagram.app/parstagram";
			};
			name = Debug;
		};
		56AF1B702543CA4F00C44110 /* Release */ = {
			isa = XCBuildConfiguration;
			baseConfigurationReference = 309767AC87CBADD8F0EA7B79 /* Pods-parstagramTests.release.xcconfig */;
			buildSettings = {
				ALWAYS_EMBED_SWIFT_STANDARD_LIBRARIES = YES;
				BUNDLE_LOADER = "$(TEST_HOST)";
				CODE_SIGN_STYLE = Automatic;
				INFOPLIST_FILE = parstagramTests/Info.plist;
				IPHONEOS_DEPLOYMENT_TARGET = 14.1;
				LD_RUNPATH_SEARCH_PATHS = (
					"$(inherited)",
					"@executable_path/Frameworks",
					"@loader_path/Frameworks",
				);
				PRODUCT_BUNDLE_IDENTIFIER = "sarieses-gmail.com.parstagramTests";
				PRODUCT_NAME = "$(TARGET_NAME)";
				SWIFT_VERSION = 5.0;
				TARGETED_DEVICE_FAMILY = "1,2";
				TEST_HOST = "$(BUILT_PRODUCTS_DIR)/parstagram.app/parstagram";
			};
			name = Release;
		};
		56AF1B722543CA4F00C44110 /* Debug */ = {
			isa = XCBuildConfiguration;
			baseConfigurationReference = 7E77E6F197A0764740B2C0FC /* Pods-parstagram-parstagramUITests.debug.xcconfig */;
			buildSettings = {
				ALWAYS_EMBED_SWIFT_STANDARD_LIBRARIES = YES;
				CODE_SIGN_STYLE = Automatic;
				INFOPLIST_FILE = parstagramUITests/Info.plist;
				LD_RUNPATH_SEARCH_PATHS = (
					"$(inherited)",
					"@executable_path/Frameworks",
					"@loader_path/Frameworks",
				);
				PRODUCT_BUNDLE_IDENTIFIER = "sarieses-gmail.com.parstagramUITests";
				PRODUCT_NAME = "$(TARGET_NAME)";
				SWIFT_VERSION = 5.0;
				TARGETED_DEVICE_FAMILY = "1,2";
				TEST_TARGET_NAME = parstagram;
			};
			name = Debug;
		};
		56AF1B732543CA4F00C44110 /* Release */ = {
			isa = XCBuildConfiguration;
			baseConfigurationReference = FBBDC4C54EBE8112C24E948A /* Pods-parstagram-parstagramUITests.release.xcconfig */;
			buildSettings = {
				ALWAYS_EMBED_SWIFT_STANDARD_LIBRARIES = YES;
				CODE_SIGN_STYLE = Automatic;
				INFOPLIST_FILE = parstagramUITests/Info.plist;
				LD_RUNPATH_SEARCH_PATHS = (
					"$(inherited)",
					"@executable_path/Frameworks",
					"@loader_path/Frameworks",
				);
				PRODUCT_BUNDLE_IDENTIFIER = "sarieses-gmail.com.parstagramUITests";
				PRODUCT_NAME = "$(TARGET_NAME)";
				SWIFT_VERSION = 5.0;
				TARGETED_DEVICE_FAMILY = "1,2";
				TEST_TARGET_NAME = parstagram;
			};
			name = Release;
		};
/* End XCBuildConfiguration section */

/* Begin XCConfigurationList section */
		56AF1B3C2543CA4600C44110 /* Build configuration list for PBXProject "parstagram" */ = {
			isa = XCConfigurationList;
			buildConfigurations = (
				56AF1B692543CA4F00C44110 /* Debug */,
				56AF1B6A2543CA4F00C44110 /* Release */,
			);
			defaultConfigurationIsVisible = 0;
			defaultConfigurationName = Release;
		};
		56AF1B6B2543CA4F00C44110 /* Build configuration list for PBXNativeTarget "parstagram" */ = {
			isa = XCConfigurationList;
			buildConfigurations = (
				56AF1B6C2543CA4F00C44110 /* Debug */,
				56AF1B6D2543CA4F00C44110 /* Release */,
			);
			defaultConfigurationIsVisible = 0;
			defaultConfigurationName = Release;
		};
		56AF1B6E2543CA4F00C44110 /* Build configuration list for PBXNativeTarget "parstagramTests" */ = {
			isa = XCConfigurationList;
			buildConfigurations = (
				56AF1B6F2543CA4F00C44110 /* Debug */,
				56AF1B702543CA4F00C44110 /* Release */,
			);
			defaultConfigurationIsVisible = 0;
			defaultConfigurationName = Release;
		};
		56AF1B712543CA4F00C44110 /* Build configuration list for PBXNativeTarget "parstagramUITests" */ = {
			isa = XCConfigurationList;
			buildConfigurations = (
				56AF1B722543CA4F00C44110 /* Debug */,
				56AF1B732543CA4F00C44110 /* Release */,
			);
			defaultConfigurationIsVisible = 0;
			defaultConfigurationName = Release;
		};
/* End XCConfigurationList section */
	};
	rootObject = 56AF1B392543CA4600C44110 /* Project object */;
}
